
Microsoft Visual Studio Solution File, Format Version 12.00
# Visual Studio Version 16
VisualStudioVersion = 16.0.30011.22
MinimumVisualStudioVersion = 10.0.40219.1
Project("{9A19103F-16F7-4668-BE54-9A1E7A4F7556}") = "TechnicalAssessment.CryptoAPI", "TechnicalAssessment.CryptoAPI\TechnicalAssessment.CryptoAPI.csproj", "{4C3ABB81-5133-495F-9AD2-5DAB6E8EB22A}"
EndProject
Project("{9A19103F-16F7-4668-BE54-9A1E7A4F7556}") = "TechnicalAssessment.Users", "TechnicalAssessment.Users\TechnicalAssessment.Users.csproj", "{7E4B8C28-9605-45C9-9BAD-C1865AF14ABD}"
EndProject
Project("{9A19103F-16F7-4668-BE54-9A1E7A4F7556}") = "TechnicalAssessment.Shared", "TechnicalAssessment.Shared\TechnicalAssessment.Shared.csproj", "{95696645-0DB0-4976-AA4D-61FEA6FEE20A}"
EndProject
Global
	GlobalSection(SolutionConfigurationPlatforms) = preSolution
		Debug|Any CPU = Debug|Any CPU
		Release|Any CPU = Release|Any CPU
	EndGlobalSection
	GlobalSection(ProjectConfigurationPlatforms) = postSolution
		{4C3ABB81-5133-495F-9AD2-5DAB6E8EB22A}.Debug|Any CPU.ActiveCfg = Debug|Any CPU
		{4C3ABB81-5133-495F-9AD2-5DAB6E8EB22A}.Debug|Any CPU.Build.0 = Debug|Any CPU
		{4C3ABB81-5133-495F-9AD2-5DAB6E8EB22A}.Release|Any CPU.ActiveCfg = Release|Any CPU
		{4C3ABB81-5133-495F-9AD2-5DAB6E8EB22A}.Release|Any CPU.Build.0 = Release|Any CPU
		{7E4B8C28-9605-45C9-9BAD-C1865AF14ABD}.Debug|Any CPU.ActiveCfg = Debug|Any CPU
		{7E4B8C28-9605-45C9-9BAD-C1865AF14ABD}.Debug|Any CPU.Build.0 = Debug|Any CPU
		{7E4B8C28-9605-45C9-9BAD-C1865AF14ABD}.Release|Any CPU.ActiveCfg = Release|Any CPU
		{7E4B8C28-9605-45C9-9BAD-C1865AF14ABD}.Release|Any CPU.Build.0 = Release|Any CPU
		{95696645-0DB0-4976-AA4D-61FEA6FEE20A}.Debug|Any CPU.ActiveCfg = Debug|Any CPU
		{95696645-0DB0-4976-AA4D-61FEA6FEE20A}.Debug|Any CPU.Build.0 = Debug|Any CPU
		{95696645-0DB0-4976-AA4D-61FEA6FEE20A}.Release|Any CPU.ActiveCfg = Release|Any CPU
		{95696645-0DB0-4976-AA4D-61FEA6FEE20A}.Release|Any CPU.Build.0 = Release|Any CPU
	EndGlobalSection
	GlobalSection(SolutionProperties) = preSolution
		HideSolutionNode = FALSE
	EndGlobalSection
	GlobalSection(ExtensibilityGlobals) = postSolution
		SolutionGuid = {1CB54C60-6E04-4CC5-A635-AF2B9263AD52}
	EndGlobalSection
EndGlobal
